
Microsoft Visual Studio Solution File, Format Version 12.00
# Visual Studio Version 16
VisualStudioVersion = 16.0.34931.43
MinimumVisualStudioVersion = 10.0.40219.1
Project("{FAE04EC0-301F-11D3-BF4B-00C04F79EFBC}") = "Opp.Encapsulation", "Opp.Encapsulation\Opp.Encapsulation.csproj", "{EB66923D-B9B6-4D69-9347-819459B3C0B1}"
EndProject
Global
	GlobalSection(SolutionConfigurationPlatforms) = preSolution
		Debug|Any CPU = Debug|Any CPU
		Release|Any CPU = Release|Any CPU
	EndGlobalSection
	GlobalSection(ProjectConfigurationPlatforms) = postSolution
		{EB66923D-B9B6-4D69-9347-819459B3C0B1}.Debug|Any CPU.ActiveCfg = Debug|Any CPU
		{EB66923D-B9B6-4D69-9347-819459B3C0B1}.Debug|Any CPU.Build.0 = Debug|Any CPU
		{EB66923D-B9B6-4D69-9347-819459B3C0B1}.Release|Any CPU.ActiveCfg = Release|Any CPU
		{EB66923D-B9B6-4D69-9347-819459B3C0B1}.Release|Any CPU.Build.0 = Release|Any CPU
	EndGlobalSection
	GlobalSection(SolutionProperties) = preSolution
		HideSolutionNode = FALSE
	EndGlobalSection
	GlobalSection(ExtensibilityGlobals) = postSolution
		SolutionGuid = {E8DF9CFD-50CB-4071-9483-A0D3C90CC13C}
	EndGlobalSection
EndGlobal
